
Microsoft Visual Studio Solution File, Format Version 12.00
# Visual Studio Version 16
VisualStudioVersion = 16.0.30907.101
MinimumVisualStudioVersion = 10.0.40219.1
Project("{9A19103F-16F7-4668-BE54-9A1E7A4F7556}") = "Methods", "Methods\Methods.csproj", "{A9D8C0C2-C1B2-43F6-ADA0-CAC3E2013D59}"
EndProject
Project("{9A19103F-16F7-4668-BE54-9A1E7A4F7556}") = "ValueandReferenceTypes", "DegerVeReferansTipleri\ValueandReferenceTypes.csproj", "{53920BCF-3F16-4EFF-AA19-D796B1F921B6}"
EndProject
Project("{9A19103F-16F7-4668-BE54-9A1E7A4F7556}") = "ClassIntro", "ClassIntro\ClassIntro.csproj", "{25B0A9C8-714D-4E02-9FE6-8F795FF68E4C}"
EndProject
Project("{9A19103F-16F7-4668-BE54-9A1E7A4F7556}") = "OOP1", "OOP1\OOP1.csproj", "{E9530623-6852-4737-931E-397E665719E4}"
EndProject
Project("{9A19103F-16F7-4668-BE54-9A1E7A4F7556}") = "Collections", "Collections\Collections.csproj", "{FD4A9ABA-CA75-4119-91D1-B8551AA1A4D2}"
EndProject
Project("{FAE04EC0-301F-11D3-BF4B-00C04F79EFBC}") = "GenericsIntro", "GenericsIntro\GenericsIntro.csproj", "{2454CAFD-16E9-4559-ADF7-2F04A3F3576A}"
EndProject
Global
	GlobalSection(SolutionConfigurationPlatforms) = preSolution
		Debug|Any CPU = Debug|Any CPU
		Release|Any CPU = Release|Any CPU
	EndGlobalSection
	GlobalSection(ProjectConfigurationPlatforms) = postSolution
		{A9D8C0C2-C1B2-43F6-ADA0-CAC3E2013D59}.Debug|Any CPU.ActiveCfg = Debug|Any CPU
		{A9D8C0C2-C1B2-43F6-ADA0-CAC3E2013D59}.Debug|Any CPU.Build.0 = Debug|Any CPU
		{A9D8C0C2-C1B2-43F6-ADA0-CAC3E2013D59}.Release|Any CPU.ActiveCfg = Release|Any CPU
		{A9D8C0C2-C1B2-43F6-ADA0-CAC3E2013D59}.Release|Any CPU.Build.0 = Release|Any CPU
		{53920BCF-3F16-4EFF-AA19-D796B1F921B6}.Debug|Any CPU.ActiveCfg = Debug|Any CPU
		{53920BCF-3F16-4EFF-AA19-D796B1F921B6}.Debug|Any CPU.Build.0 = Debug|Any CPU
		{53920BCF-3F16-4EFF-AA19-D796B1F921B6}.Release|Any CPU.ActiveCfg = Release|Any CPU
		{53920BCF-3F16-4EFF-AA19-D796B1F921B6}.Release|Any CPU.Build.0 = Release|Any CPU
		{25B0A9C8-714D-4E02-9FE6-8F795FF68E4C}.Debug|Any CPU.ActiveCfg = Debug|Any CPU
		{25B0A9C8-714D-4E02-9FE6-8F795FF68E4C}.Debug|Any CPU.Build.0 = Debug|Any CPU
		{25B0A9C8-714D-4E02-9FE6-8F795FF68E4C}.Release|Any CPU.ActiveCfg = Release|Any CPU
		{25B0A9C8-714D-4E02-9FE6-8F795FF68E4C}.Release|Any CPU.Build.0 = Release|Any CPU
		{E9530623-6852-4737-931E-397E665719E4}.Debug|Any CPU.ActiveCfg = Debug|Any CPU
		{E9530623-6852-4737-931E-397E665719E4}.Debug|Any CPU.Build.0 = Debug|Any CPU
		{E9530623-6852-4737-931E-397E665719E4}.Release|Any CPU.ActiveCfg = Release|Any CPU
		{E9530623-6852-4737-931E-397E665719E4}.Release|Any CPU.Build.0 = Release|Any CPU
		{FD4A9ABA-CA75-4119-91D1-B8551AA1A4D2}.Debug|Any CPU.ActiveCfg = Debug|Any CPU
		{FD4A9ABA-CA75-4119-91D1-B8551AA1A4D2}.Debug|Any CPU.Build.0 = Debug|Any CPU
		{FD4A9ABA-CA75-4119-91D1-B8551AA1A4D2}.Release|Any CPU.ActiveCfg = Release|Any CPU
		{FD4A9ABA-CA75-4119-91D1-B8551AA1A4D2}.Release|Any CPU.Build.0 = Release|Any CPU
		{2454CAFD-16E9-4559-ADF7-2F04A3F3576A}.Debug|Any CPU.ActiveCfg = Debug|Any CPU
		{2454CAFD-16E9-4559-ADF7-2F04A3F3576A}.Debug|Any CPU.Build.0 = Debug|Any CPU
		{2454CAFD-16E9-4559-ADF7-2F04A3F3576A}.Release|Any CPU.ActiveCfg = Release|Any CPU
		{2454CAFD-16E9-4559-ADF7-2F04A3F3576A}.Release|Any CPU.Build.0 = Release|Any CPU
	EndGlobalSection
	GlobalSection(SolutionProperties) = preSolution
		HideSolutionNode = FALSE
	EndGlobalSection
	GlobalSection(ExtensibilityGlobals) = postSolution
		SolutionGuid = {4032804C-DB0E-403D-8C49-568B4A328300}
	EndGlobalSection
EndGlobal
